// !$*UTF8*$!
{
	archiveVersion = 1;
	classes = {
	};
	objectVersion = 56;
	objects = {

/* Begin PBXBuildFile section */
		F5793B0C2AE6C3B2005581CB /* AppDelegate.swift in Sources */ = {isa = PBXBuildFile; fileRef = F5793B0B2AE6C3B2005581CB /* AppDelegate.swift */; };
		F5793B0E2AE6C3B2005581CB /* SceneDelegate.swift in Sources */ = {isa = PBXBuildFile; fileRef = F5793B0D2AE6C3B2005581CB /* SceneDelegate.swift */; };
		F5793B152AE6C3B3005581CB /* Assets.xcassets in Resources */ = {isa = PBXBuildFile; fileRef = F5793B142AE6C3B3005581CB /* Assets.xcassets */; };
		F5793B182AE6C3B3005581CB /* LaunchScreen.storyboard in Resources */ = {isa = PBXBuildFile; fileRef = F5793B162AE6C3B3005581CB /* LaunchScreen.storyboard */; };
		F5793B202AE6C47E005581CB /* MainViewController.swift in Sources */ = {isa = PBXBuildFile; fileRef = F5793B1F2AE6C47E005581CB /* MainViewController.swift */; };
		F5793B222AE6C912005581CB /* MainViewModel.swift in Sources */ = {isa = PBXBuildFile; fileRef = F5793B212AE6C912005581CB /* MainViewModel.swift */; };
		F5793B242AE6CD99005581CB /* LocationDetailViewController.swift in Sources */ = {isa = PBXBuildFile; fileRef = F5793B232AE6CD99005581CB /* LocationDetailViewController.swift */; };
		F5793B262AE6CDED005581CB /* LocationDetailViewModel.swift in Sources */ = {isa = PBXBuildFile; fileRef = F5793B252AE6CDED005581CB /* LocationDetailViewModel.swift */; };
		F5793B282AE6E53E005581CB /* AddLocationViewController.swift in Sources */ = {isa = PBXBuildFile; fileRef = F5793B272AE6E53E005581CB /* AddLocationViewController.swift */; };
		F5793B2A2AE6E98C005581CB /* AddLocationViewModel.swift in Sources */ = {isa = PBXBuildFile; fileRef = F5793B292AE6E98C005581CB /* AddLocationViewModel.swift */; };
/* End PBXBuildFile section */

/* Begin PBXFileReference section */
		F5793B082AE6C3B2005581CB /* ForeFlightCodingExercise.app */ = {isa = PBXFileReference; explicitFileType = wrapper.application; includeInIndex = 0; path = ForeFlightCodingExercise.app; sourceTree = BUILT_PRODUCTS_DIR; };
		F5793B0B2AE6C3B2005581CB /* AppDelegate.swift */ = {isa = PBXFileReference; lastKnownFileType = sourcecode.swift; path = AppDelegate.swift; sourceTree = "<group>"; };
		F5793B0D2AE6C3B2005581CB /* SceneDelegate.swift */ = {isa = PBXFileReference; lastKnownFileType = sourcecode.swift; path = SceneDelegate.swift; sourceTree = "<group>"; };
		F5793B142AE6C3B3005581CB /* Assets.xcassets */ = {isa = PBXFileReference; lastKnownFileType = folder.assetcatalog; path = Assets.xcassets; sourceTree = "<group>"; };
		F5793B172AE6C3B3005581CB /* Base */ = {isa = PBXFileReference; lastKnownFileType = file.storyboard; name = Base; path = Base.lproj/LaunchScreen.storyboard; sourceTree = "<group>"; };
		F5793B192AE6C3B3005581CB /* Info.plist */ = {isa = PBXFileReference; lastKnownFileType = text.plist.xml; path = Info.plist; sourceTree = "<group>"; };
		F5793B1F2AE6C47E005581CB /* MainViewController.swift */ = {isa = PBXFileReference; lastKnownFileType = sourcecode.swift; path = MainViewController.swift; sourceTree = "<group>"; };
		F5793B212AE6C912005581CB /* MainViewModel.swift */ = {isa = PBXFileReference; lastKnownFileType = sourcecode.swift; path = MainViewModel.swift; sourceTree = "<group>"; };
		F5793B232AE6CD99005581CB /* LocationDetailViewController.swift */ = {isa = PBXFileReference; lastKnownFileType = sourcecode.swift; path = LocationDetailViewController.swift; sourceTree = "<group>"; };
		F5793B252AE6CDED005581CB /* LocationDetailViewModel.swift */ = {isa = PBXFileReference; lastKnownFileType = sourcecode.swift; path = LocationDetailViewModel.swift; sourceTree = "<group>"; };
		F5793B272AE6E53E005581CB /* AddLocationViewController.swift */ = {isa = PBXFileReference; lastKnownFileType = sourcecode.swift; path = AddLocationViewController.swift; sourceTree = "<group>"; };
		F5793B292AE6E98C005581CB /* AddLocationViewModel.swift */ = {isa = PBXFileReference; lastKnownFileType = sourcecode.swift; path = AddLocationViewModel.swift; sourceTree = "<group>"; };
/* End PBXFileReference section */

/* Begin PBXFrameworksBuildPhase section */
		F5793B052AE6C3B2005581CB /* Frameworks */ = {
			isa = PBXFrameworksBuildPhase;
			buildActionMask = 2147483647;
			files = (
			);
			runOnlyForDeploymentPostprocessing = 0;
		};
/* End PBXFrameworksBuildPhase section */

/* Begin PBXGroup section */
		F5793AFF2AE6C3B2005581CB = {
			isa = PBXGroup;
			children = (
				F5793B0A2AE6C3B2005581CB /* ForeFlightCodingExercise */,
				F5793B092AE6C3B2005581CB /* Products */,
			);
			sourceTree = "<group>";
		};
		F5793B092AE6C3B2005581CB /* Products */ = {
			isa = PBXGroup;
			children = (
				F5793B082AE6C3B2005581CB /* ForeFlightCodingExercise.app */,
			);
			name = Products;
			sourceTree = "<group>";
		};
		F5793B0A2AE6C3B2005581CB /* ForeFlightCodingExercise */ = {
			isa = PBXGroup;
			children = (
				F5793B0B2AE6C3B2005581CB /* AppDelegate.swift */,
				F5793B0D2AE6C3B2005581CB /* SceneDelegate.swift */,
				F5793B1F2AE6C47E005581CB /* MainViewController.swift */,
				F5793B212AE6C912005581CB /* MainViewModel.swift */,
				F5793B272AE6E53E005581CB /* AddLocationViewController.swift */,
				F5793B292AE6E98C005581CB /* AddLocationViewModel.swift */,
				F5793B232AE6CD99005581CB /* LocationDetailViewController.swift */,
				F5793B252AE6CDED005581CB /* LocationDetailViewModel.swift */,
				F5793B142AE6C3B3005581CB /* Assets.xcassets */,
				F5793B162AE6C3B3005581CB /* LaunchScreen.storyboard */,
				F5793B192AE6C3B3005581CB /* Info.plist */,
			);
			path = ForeFlightCodingExercise;
			sourceTree = "<group>";
		};
/* End PBXGroup section */

/* Begin PBXNativeTarget section */
		F5793B072AE6C3B2005581CB /* ForeFlightCodingExercise */ = {
			isa = PBXNativeTarget;
			buildConfigurationList = F5793B1C2AE6C3B3005581CB /* Build configuration list for PBXNativeTarget "ForeFlightCodingExercise" */;
			buildPhases = (
				F5793B042AE6C3B2005581CB /* Sources */,
				F5793B052AE6C3B2005581CB /* Frameworks */,
				F5793B062AE6C3B2005581CB /* Resources */,
			);
			buildRules = (
			);
			dependencies = (
			);
			name = ForeFlightCodingExercise;
			productName = ForeFlightCodingExercise;
			productReference = F5793B082AE6C3B2005581CB /* ForeFlightCodingExercise.app */;
			productType = "com.apple.product-type.application";
		};
/* End PBXNativeTarget section */

/* Begin PBXProject section */
		F5793B002AE6C3B2005581CB /* Project object */ = {
			isa = PBXProject;
			attributes = {
				BuildIndependentTargetsInParallel = 1;
				LastSwiftUpdateCheck = 1500;
				LastUpgradeCheck = 1500;
				TargetAttributes = {
					F5793B072AE6C3B2005581CB = {
						CreatedOnToolsVersion = 15.0.1;
					};
				};
			};
			buildConfigurationList = F5793B032AE6C3B2005581CB /* Build configuration list for PBXProject "ForeFlightCodingExercise" */;
			compatibilityVersion = "Xcode 14.0";
			developmentRegion = en;
			hasScannedForEncodings = 0;
			knownRegions = (
				en,
				Base,
			);
			mainGroup = F5793AFF2AE6C3B2005581CB;
			productRefGroup = F5793B092AE6C3B2005581CB /* Products */;
			projectDirPath = "";
			projectRoot = "";
			targets = (
				F5793B072AE6C3B2005581CB /* ForeFlightCodingExercise */,
			);
		};
/* End PBXProject section */

/* Begin PBXResourcesBuildPhase section */
		F5793B062AE6C3B2005581CB /* Resources */ = {
			isa = PBXResourcesBuildPhase;
			buildActionMask = 2147483647;
			files = (
				F5793B182AE6C3B3005581CB /* LaunchScreen.storyboard in Resources */,
				F5793B152AE6C3B3005581CB /* Assets.xcassets in Resources */,
			);
			runOnlyForDeploymentPostprocessing = 0;
		};
/* End PBXResourcesBuildPhase section */

/* Begin PBXSourcesBuildPhase section */
		F5793B042AE6C3B2005581CB /* Sources */ = {
			isa = PBXSourcesBuildPhase;
			buildActionMask = 2147483647;
			files = (
				F5793B202AE6C47E005581CB /* MainViewController.swift in Sources */,
				F5793B0C2AE6C3B2005581CB /* AppDelegate.swift in Sources */,
				F5793B0E2AE6C3B2005581CB /* SceneDelegate.swift in Sources */,
				F5793B2A2AE6E98C005581CB /* AddLocationViewModel.swift in Sources */,
				F5793B282AE6E53E005581CB /* AddLocationViewController.swift in Sources */,
				F5793B222AE6C912005581CB /* MainViewModel.swift in Sources */,
				F5793B262AE6CDED005581CB /* LocationDetailViewModel.swift in Sources */,
				F5793B242AE6CD99005581CB /* LocationDetailViewController.swift in Sources */,
			);
			runOnlyForDeploymentPostprocessing = 0;
		};
/* End PBXSourcesBuildPhase section */

/* Begin PBXVariantGroup section */
		F5793B162AE6C3B3005581CB /* LaunchScreen.storyboard */ = {
			isa = PBXVariantGroup;
			children = (
				F5793B172AE6C3B3005581CB /* Base */,
			);
			name = LaunchScreen.storyboard;
			sourceTree = "<group>";
		};
/* End PBXVariantGroup section */

/* Begin XCBuildConfiguration section */
		F5793B1A2AE6C3B3005581CB /* Debug */ = {
			isa = XCBuildConfiguration;
			buildSettings = {
				ALWAYS_SEARCH_USER_PATHS = NO;
				ASSETCATALOG_COMPILER_GENERATE_SWIFT_ASSET_SYMBOL_EXTENSIONS = YES;
				CLANG_ANALYZER_NONNULL = YES;
				CLANG_ANALYZER_NUMBER_OBJECT_CONVERSION = YES_AGGRESSIVE;
				CLANG_CXX_LANGUAGE_STANDARD = "gnu++20";
				CLANG_ENABLE_MODULES = YES;
				CLANG_ENABLE_OBJC_ARC = YES;
				CLANG_ENABLE_OBJC_WEAK = YES;
				CLANG_WARN_BLOCK_CAPTURE_AUTORELEASING = YES;
				CLANG_WARN_BOOL_CONVERSION = YES;
				CLANG_WARN_COMMA = YES;
				CLANG_WARN_CONSTANT_CONVERSION = YES;
				CLANG_WARN_DEPRECATED_OBJC_IMPLEMENTATIONS = YES;
				CLANG_WARN_DIRECT_OBJC_ISA_USAGE = YES_ERROR;
				CLANG_WARN_DOCUMENTATION_COMMENTS = YES;
				CLANG_WARN_EMPTY_BODY = YES;
				CLANG_WARN_ENUM_CONVERSION = YES;
				CLANG_WARN_INFINITE_RECURSION = YES;
				CLANG_WARN_INT_CONVERSION = YES;
				CLANG_WARN_NON_LITERAL_NULL_CONVERSION = YES;
				CLANG_WARN_OBJC_IMPLICIT_RETAIN_SELF = YES;
				CLANG_WARN_OBJC_LITERAL_CONVERSION = YES;
				CLANG_WARN_OBJC_ROOT_CLASS = YES_ERROR;
				CLANG_WARN_QUOTED_INCLUDE_IN_FRAMEWORK_HEADER = YES;
				CLANG_WARN_RANGE_LOOP_ANALYSIS = YES;
				CLANG_WARN_STRICT_PROTOTYPES = YES;
				CLANG_WARN_SUSPICIOUS_MOVE = YES;
				CLANG_WARN_UNGUARDED_AVAILABILITY = YES_AGGRESSIVE;
				CLANG_WARN_UNREACHABLE_CODE = YES;
				CLANG_WARN__DUPLICATE_METHOD_MATCH = YES;
				COPY_PHASE_STRIP = NO;
				DEBUG_INFORMATION_FORMAT = dwarf;
				ENABLE_STRICT_OBJC_MSGSEND = YES;
				ENABLE_TESTABILITY = YES;
				ENABLE_USER_SCRIPT_SANDBOXING = YES;
				GCC_C_LANGUAGE_STANDARD = gnu17;
				GCC_DYNAMIC_NO_PIC = NO;
				GCC_NO_COMMON_BLOCKS = YES;
				GCC_OPTIMIZATION_LEVEL = 0;
				GCC_PREPROCESSOR_DEFINITIONS = (
					"DEBUG=1",
					"$(inherited)",
				);
				GCC_WARN_64_TO_32_BIT_CONVERSION = YES;
				GCC_WARN_ABOUT_RETURN_TYPE = YES_ERROR;
				GCC_WARN_UNDECLARED_SELECTOR = YES;
				GCC_WARN_UNINITIALIZED_AUTOS = YES_AGGRESSIVE;
				GCC_WARN_UNUSED_FUNCTION = YES;
				GCC_WARN_UNUSED_VARIABLE = YES;
				IPHONEOS_DEPLOYMENT_TARGET = 17.0;
				LOCALIZATION_PREFERS_STRING_CATALOGS = YES;
				MTL_ENABLE_DEBUG_INFO = INCLUDE_SOURCE;
				MTL_FAST_MATH = YES;
				ONLY_ACTIVE_ARCH = YES;
				SDKROOT = iphoneos;
				SWIFT_ACTIVE_COMPILATION_CONDITIONS = "DEBUG $(inherited)";
				SWIFT_OPTIMIZATION_LEVEL = "-Onone";
			};
			name = Debug;
		};
		F5793B1B2AE6C3B3005581CB /* Release */ = {
			isa = XCBuildConfiguration;
			buildSettings = {
				ALWAYS_SEARCH_USER_PATHS = NO;
				ASSETCATALOG_COMPILER_GENERATE_SWIFT_ASSET_SYMBOL_EXTENSIONS = YES;
				CLANG_ANALYZER_NONNULL = YES;
				CLANG_ANALYZER_NUMBER_OBJECT_CONVERSION = YES_AGGRESSIVE;
				CLANG_CXX_LANGUAGE_STANDARD = "gnu++20";
				CLANG_ENABLE_MODULES = YES;
				CLANG_ENABLE_OBJC_ARC = YES;
				CLANG_ENABLE_OBJC_WEAK = YES;
				CLANG_WARN_BLOCK_CAPTURE_AUTORELEASING = YES;
				CLANG_WARN_BOOL_CONVERSION = YES;
				CLANG_WARN_COMMA = YES;
				CLANG_WARN_CONSTANT_CONVERSION = YES;
				CLANG_WARN_DEPRECATED_OBJC_IMPLEMENTATIONS = YES;
				CLANG_WARN_DIRECT_OBJC_ISA_USAGE = YES_ERROR;
				CLANG_WARN_DOCUMENTATION_COMMENTS = YES;
				CLANG_WARN_EMPTY_BODY = YES;
				CLANG_WARN_ENUM_CONVERSION = YES;
				CLANG_WARN_INFINITE_RECURSION = YES;
				CLANG_WARN_INT_CONVERSION = YES;
				CLANG_WARN_NON_LITERAL_NULL_CONVERSION = YES;
				CLANG_WARN_OBJC_IMPLICIT_RETAIN_SELF = YES;
				CLANG_WARN_OBJC_LITERAL_CONVERSION = YES;
				CLANG_WARN_OBJC_ROOT_CLASS = YES_ERROR;
				CLANG_WARN_QUOTED_INCLUDE_IN_FRAMEWORK_HEADER = YES;
				CLANG_WARN_RANGE_LOOP_ANALYSIS = YES;
				CLANG_WARN_STRICT_PROTOTYPES = YES;
				CLANG_WARN_SUSPICIOUS_MOVE = YES;
				CLANG_WARN_UNGUARDED_AVAILABILITY = YES_AGGRESSIVE;
				CLANG_WARN_UNREACHABLE_CODE = YES;
				CLANG_WARN__DUPLICATE_METHOD_MATCH = YES;
				COPY_PHASE_STRIP = NO;
				DEBUG_INFORMATION_FORMAT = "dwarf-with-dsym";
				ENABLE_NS_ASSERTIONS = NO;
				ENABLE_STRICT_OBJC_MSGSEND = YES;
				ENABLE_USER_SCRIPT_SANDBOXING = YES;
				GCC_C_LANGUAGE_STANDARD = gnu17;
				GCC_NO_COMMON_BLOCKS = YES;
				GCC_WARN_64_TO_32_BIT_CONVERSION = YES;
				GCC_WARN_ABOUT_RETURN_TYPE = YES_ERROR;
				GCC_WARN_UNDECLARED_SELECTOR = YES;
				GCC_WARN_UNINITIALIZED_AUTOS = YES_AGGRESSIVE;
				GCC_WARN_UNUSED_FUNCTION = YES;
				GCC_WARN_UNUSED_VARIABLE = YES;
				IPHONEOS_DEPLOYMENT_TARGET = 17.0;
				LOCALIZATION_PREFERS_STRING_CATALOGS = YES;
				MTL_ENABLE_DEBUG_INFO = NO;
				MTL_FAST_MATH = YES;
				SDKROOT = iphoneos;
				SWIFT_COMPILATION_MODE = wholemodule;
				VALIDATE_PRODUCT = YES;
			};
			name = Release;
		};
		F5793B1D2AE6C3B3005581CB /* Debug */ = {
			isa = XCBuildConfiguration;
			buildSettings = {
				ASSETCATALOG_COMPILER_APPICON_NAME = AppIcon;
				ASSETCATALOG_COMPILER_GLOBAL_ACCENT_COLOR_NAME = AccentColor;
				CODE_SIGN_STYLE = Automatic;
				CURRENT_PROJECT_VERSION = 1;
				DEVELOPMENT_TEAM = PY3CD6QTY5;
				GENERATE_INFOPLIST_FILE = YES;
				INFOPLIST_FILE = ForeFlightCodingExercise/Info.plist;
				INFOPLIST_KEY_UIApplicationSupportsIndirectInputEvents = YES;
				INFOPLIST_KEY_UILaunchStoryboardName = LaunchScreen;
				INFOPLIST_KEY_UISupportedInterfaceOrientations_iPad = "UIInterfaceOrientationPortrait UIInterfaceOrientationPortraitUpsideDown UIInterfaceOrientationLandscapeLeft UIInterfaceOrientationLandscapeRight";
				INFOPLIST_KEY_UISupportedInterfaceOrientations_iPhone = "UIInterfaceOrientationPortrait UIInterfaceOrientationLandscapeLeft UIInterfaceOrientationLandscapeRight";
				LD_RUNPATH_SEARCH_PATHS = (
					"$(inherited)",
					"@executable_path/Frameworks",
				);
				MARKETING_VERSION = 1.0;
				PRODUCT_BUNDLE_IDENTIFIER = com.dannytsang.ForeFlightCodingExercise;
				PRODUCT_NAME = "$(TARGET_NAME)";
				SWIFT_EMIT_LOC_STRINGS = YES;
				SWIFT_VERSION = 5.0;
				TARGETED_DEVICE_FAMILY = "1,2";
			};
			name = Debug;
		};
		F5793B1E2AE6C3B3005581CB /* Release */ = {
			isa = XCBuildConfiguration;
			buildSettings = {
				ASSETCATALOG_COMPILER_APPICON_NAME = AppIcon;
				ASSETCATALOG_COMPILER_GLOBAL_ACCENT_COLOR_NAME = AccentColor;
				CODE_SIGN_STYLE = Automatic;
				CURRENT_PROJECT_VERSION = 1;
				DEVELOPMENT_TEAM = PY3CD6QTY5;
				GENERATE_INFOPLIST_FILE = YES;
				INFOPLIST_FILE = ForeFlightCodingExercise/Info.plist;
				INFOPLIST_KEY_UIApplicationSupportsIndirectInputEvents = YES;
				INFOPLIST_KEY_UILaunchStoryboardName = LaunchScreen;
				INFOPLIST_KEY_UISupportedInterfaceOrientations_iPad = "UIInterfaceOrientationPortrait UIInterfaceOrientationPortraitUpsideDown UIInterfaceOrientationLandscapeLeft UIInterfaceOrientationLandscapeRight";
				INFOPLIST_KEY_UISupportedInterfaceOrientations_iPhone = "UIInterfaceOrientationPortrait UIInterfaceOrientationLandscapeLeft UIInterfaceOrientationLandscapeRight";
				LD_RUNPATH_SEARCH_PATHS = (
					"$(inherited)",
					"@executable_path/Frameworks",
				);
				MARKETING_VERSION = 1.0;
				PRODUCT_BUNDLE_IDENTIFIER = com.dannytsang.ForeFlightCodingExercise;
				PRODUCT_NAME = "$(TARGET_NAME)";
				SWIFT_EMIT_LOC_STRINGS = YES;
				SWIFT_VERSION = 5.0;
				TARGETED_DEVICE_FAMILY = "1,2";
			};
			name = Release;
		};
/* End XCBuildConfiguration section */

/* Begin XCConfigurationList section */
		F5793B032AE6C3B2005581CB /* Build configuration list for PBXProject "ForeFlightCodingExercise" */ = {
			isa = XCConfigurationList;
			buildConfigurations = (
				F5793B1A2AE6C3B3005581CB /* Debug */,
				F5793B1B2AE6C3B3005581CB /* Release */,
			);
			defaultConfigurationIsVisible = 0;
			defaultConfigurationName = Release;
		};
		F5793B1C2AE6C3B3005581CB /* Build configuration list for PBXNativeTarget "ForeFlightCodingExercise" */ = {
			isa = XCConfigurationList;
			buildConfigurations = (
				F5793B1D2AE6C3B3005581CB /* Debug */,
				F5793B1E2AE6C3B3005581CB /* Release */,
			);
			defaultConfigurationIsVisible = 0;
			defaultConfigurationName = Release;
		};
/* End XCConfigurationList section */
	};
	rootObject = F5793B002AE6C3B2005581CB /* Project object */;
}
